// !$*UTF8*$!
{
	archiveVersion = 1;
	classes = {
	};
	objectVersion = 50;
	objects = {

/* Begin PBXBuildFile section */
		4C22AE95225662FF00019BF1 /* CodableDataTests.swift in Sources */ = {isa = PBXBuildFile; fileRef = 4C4AD9F2225593B600EC174A /* CodableDataTests.swift */; };
		4C22AE96225662FF00019BF1 /* TableTests.swift in Sources */ = {isa = PBXBuildFile; fileRef = 4C4AD9F1225593B600EC174A /* TableTests.swift */; };
		4C4AD9752250238000EC174A /* CodableData.framework in Frameworks */ = {isa = PBXBuildFile; fileRef = 4C4AD96B2250238000EC174A /* CodableData.framework */; };
		4C4AD97C2250238000EC174A /* CodableData.h in Headers */ = {isa = PBXBuildFile; fileRef = 4C4AD96E2250238000EC174A /* CodableData.h */; settings = {ATTRIBUTES = (Public, ); }; };
		4C4AD9882250292D00EC174A /* Statement.swift in Sources */ = {isa = PBXBuildFile; fileRef = 4C4AD9872250292D00EC174A /* Statement.swift */; };
		4C4AD98B22502CA100EC174A /* Connection.swift in Sources */ = {isa = PBXBuildFile; fileRef = 4C4AD98A22502CA100EC174A /* Connection.swift */; };
		4C4AD98D22503E8B00EC174A /* Status.swift in Sources */ = {isa = PBXBuildFile; fileRef = 4C4AD98C22503E8B00EC174A /* Status.swift */; };
		4C4AD98F2250445600EC174A /* CDDatabase.swift in Sources */ = {isa = PBXBuildFile; fileRef = 4C4AD98E2250445600EC174A /* CDDatabase.swift */; };
		4C4AD99322505AFB00EC174A /* ColumnType.swift in Sources */ = {isa = PBXBuildFile; fileRef = 4C4AD99222505AFB00EC174A /* ColumnType.swift */; };
		4C4AD99522505B5500EC174A /* Table.swift in Sources */ = {isa = PBXBuildFile; fileRef = 4C4AD99422505B5500EC174A /* Table.swift */; };
		4C4AD999225129D100EC174A /* Unbindable.swift in Sources */ = {isa = PBXBuildFile; fileRef = 4C4AD998225129D100EC174A /* Unbindable.swift */; };
		4C4AD99B2251380500EC174A /* Reader.swift in Sources */ = {isa = PBXBuildFile; fileRef = 4C4AD99A2251380500EC174A /* Reader.swift */; };
		4C4AD99F22516E9A00EC174A /* CDDatabase+Get.swift in Sources */ = {isa = PBXBuildFile; fileRef = 4C4AD99E22516E9A00EC174A /* CDDatabase+Get.swift */; };
		4C4AD9A1225170DE00EC174A /* CDDatabase+Replace.swift in Sources */ = {isa = PBXBuildFile; fileRef = 4C4AD9A0225170DE00EC174A /* CDDatabase+Replace.swift */; };
		4C4AD9A32251718000EC174A /* CDDatabase+Table.swift in Sources */ = {isa = PBXBuildFile; fileRef = 4C4AD9A22251718000EC174A /* CDDatabase+Table.swift */; };
		4C4AD9A52253E0AA00EC174A /* CDFilter.swift in Sources */ = {isa = PBXBuildFile; fileRef = 4C4AD9A42253E0AA00EC174A /* CDFilter.swift */; };
		4C4AD9A72253F0B400EC174A /* Filterable.swift in Sources */ = {isa = PBXBuildFile; fileRef = 4C4AD9A62253F0B400EC174A /* Filterable.swift */; };
		4C4AD9AA22540ED300EC174A /* Writer.swift in Sources */ = {isa = PBXBuildFile; fileRef = 4C4AD9A922540ED300EC174A /* Writer.swift */; };
		4C4AD9AC2254851F00EC174A /* CDModel.swift in Sources */ = {isa = PBXBuildFile; fileRef = 4C4AD9AB2254851F00EC174A /* CDModel.swift */; };
		4C4AD9B022550BBF00EC174A /* CDEquality.swift in Sources */ = {isa = PBXBuildFile; fileRef = 4C4AD9AF22550BBF00EC174A /* CDEquality.swift */; };
		4C4AD9B222550F8F00EC174A /* CDComparison.swift in Sources */ = {isa = PBXBuildFile; fileRef = 4C4AD9B122550F8F00EC174A /* CDComparison.swift */; };
		4C4AD9B42255114000EC174A /* StringComparison.swift in Sources */ = {isa = PBXBuildFile; fileRef = 4C4AD9B32255114000EC174A /* StringComparison.swift */; };
		4C4AD9B62255291700EC174A /* CDDatabase+Count.swift in Sources */ = {isa = PBXBuildFile; fileRef = 4C4AD9B52255291700EC174A /* CDDatabase+Count.swift */; };
		4C4AD9BD2255386600EC174A /* CDDatabase+Column.swift in Sources */ = {isa = PBXBuildFile; fileRef = 4C4AD9BC2255386600EC174A /* CDDatabase+Column.swift */; };
		4C4AD9BF2255400000EC174A /* Configuration.swift in Sources */ = {isa = PBXBuildFile; fileRef = 4C4AD9BE2255400000EC174A /* Configuration.swift */; };
		4C4AD9C12255811900EC174A /* CDSortRule.swift in Sources */ = {isa = PBXBuildFile; fileRef = 4C4AD9C02255811900EC174A /* CDSortRule.swift */; };
		4C4AD9C3225584A600EC174A /* CDLimit.swift in Sources */ = {isa = PBXBuildFile; fileRef = 4C4AD9C2225584A600EC174A /* CDLimit.swift */; };
		4C8C9C5E22695F440064CBB4 /* CDBindable.swift in Sources */ = {isa = PBXBuildFile; fileRef = 4C8C9C5D22695F440064CBB4 /* CDBindable.swift */; };
		4C99701D22591B4300043C18 /* CDDatabase+Delete.swift in Sources */ = {isa = PBXBuildFile; fileRef = 4C99701C22591B4300043C18 /* CDDatabase+Delete.swift */; };
/* End PBXBuildFile section */

/* Begin PBXContainerItemProxy section */
		4C4AD9762250238000EC174A /* PBXContainerItemProxy */ = {
			isa = PBXContainerItemProxy;
			containerPortal = 4C4AD9622250238000EC174A /* Project object */;
			proxyType = 1;
			remoteGlobalIDString = 4C4AD96A2250238000EC174A;
			remoteInfo = SQL;
		};
/* End PBXContainerItemProxy section */

/* Begin PBXFileReference section */
		4C4AD96B2250238000EC174A /* CodableData.framework */ = {isa = PBXFileReference; explicitFileType = wrapper.framework; includeInIndex = 0; path = CodableData.framework; sourceTree = BUILT_PRODUCTS_DIR; };
		4C4AD96E2250238000EC174A /* CodableData.h */ = {isa = PBXFileReference; lastKnownFileType = sourcecode.c.h; path = CodableData.h; sourceTree = "<group>"; };
		4C4AD96F2250238000EC174A /* Info.plist */ = {isa = PBXFileReference; lastKnownFileType = text.plist.xml; path = Info.plist; sourceTree = "<group>"; };
		4C4AD9742250238000EC174A /* CodableDataTests.xctest */ = {isa = PBXFileReference; explicitFileType = wrapper.cfbundle; includeInIndex = 0; path = CodableDataTests.xctest; sourceTree = BUILT_PRODUCTS_DIR; };
		4C4AD9872250292D00EC174A /* Statement.swift */ = {isa = PBXFileReference; lastKnownFileType = sourcecode.swift; path = Statement.swift; sourceTree = "<group>"; };
		4C4AD98A22502CA100EC174A /* Connection.swift */ = {isa = PBXFileReference; lastKnownFileType = sourcecode.swift; path = Connection.swift; sourceTree = "<group>"; };
		4C4AD98C22503E8B00EC174A /* Status.swift */ = {isa = PBXFileReference; lastKnownFileType = sourcecode.swift; path = Status.swift; sourceTree = "<group>"; };
		4C4AD98E2250445600EC174A /* CDDatabase.swift */ = {isa = PBXFileReference; lastKnownFileType = sourcecode.swift; path = CDDatabase.swift; sourceTree = "<group>"; };
		4C4AD99222505AFB00EC174A /* ColumnType.swift */ = {isa = PBXFileReference; lastKnownFileType = sourcecode.swift; path = ColumnType.swift; sourceTree = "<group>"; };
		4C4AD99422505B5500EC174A /* Table.swift */ = {isa = PBXFileReference; lastKnownFileType = sourcecode.swift; path = Table.swift; sourceTree = "<group>"; };
		4C4AD998225129D100EC174A /* Unbindable.swift */ = {isa = PBXFileReference; lastKnownFileType = sourcecode.swift; path = Unbindable.swift; sourceTree = "<group>"; };
		4C4AD99A2251380500EC174A /* Reader.swift */ = {isa = PBXFileReference; lastKnownFileType = sourcecode.swift; path = Reader.swift; sourceTree = "<group>"; };
		4C4AD99E22516E9A00EC174A /* CDDatabase+Get.swift */ = {isa = PBXFileReference; lastKnownFileType = sourcecode.swift; path = "CDDatabase+Get.swift"; sourceTree = "<group>"; };
		4C4AD9A0225170DE00EC174A /* CDDatabase+Replace.swift */ = {isa = PBXFileReference; lastKnownFileType = sourcecode.swift; path = "CDDatabase+Replace.swift"; sourceTree = "<group>"; };
		4C4AD9A22251718000EC174A /* CDDatabase+Table.swift */ = {isa = PBXFileReference; lastKnownFileType = sourcecode.swift; path = "CDDatabase+Table.swift"; sourceTree = "<group>"; };
		4C4AD9A42253E0AA00EC174A /* CDFilter.swift */ = {isa = PBXFileReference; lastKnownFileType = sourcecode.swift; path = CDFilter.swift; sourceTree = "<group>"; };
		4C4AD9A62253F0B400EC174A /* Filterable.swift */ = {isa = PBXFileReference; lastKnownFileType = sourcecode.swift; path = Filterable.swift; sourceTree = "<group>"; };
		4C4AD9A822540B0F00EC174A /* MyPlayground.playground */ = {isa = PBXFileReference; lastKnownFileType = file.playground; path = MyPlayground.playground; sourceTree = "<group>"; xcLanguageSpecificationIdentifier = xcode.lang.swift; };
		4C4AD9A922540ED300EC174A /* Writer.swift */ = {isa = PBXFileReference; lastKnownFileType = sourcecode.swift; path = Writer.swift; sourceTree = "<group>"; };
		4C4AD9AB2254851F00EC174A /* CDModel.swift */ = {isa = PBXFileReference; lastKnownFileType = sourcecode.swift; path = CDModel.swift; sourceTree = "<group>"; };
		4C4AD9AF22550BBF00EC174A /* CDEquality.swift */ = {isa = PBXFileReference; lastKnownFileType = sourcecode.swift; path = CDEquality.swift; sourceTree = "<group>"; };
		4C4AD9B122550F8F00EC174A /* CDComparison.swift */ = {isa = PBXFileReference; lastKnownFileType = sourcecode.swift; path = CDComparison.swift; sourceTree = "<group>"; };
		4C4AD9B32255114000EC174A /* StringComparison.swift */ = {isa = PBXFileReference; lastKnownFileType = sourcecode.swift; path = StringComparison.swift; sourceTree = "<group>"; };
		4C4AD9B52255291700EC174A /* CDDatabase+Count.swift */ = {isa = PBXFileReference; lastKnownFileType = sourcecode.swift; path = "CDDatabase+Count.swift"; sourceTree = "<group>"; };
		4C4AD9BC2255386600EC174A /* CDDatabase+Column.swift */ = {isa = PBXFileReference; lastKnownFileType = sourcecode.swift; path = "CDDatabase+Column.swift"; sourceTree = "<group>"; };
		4C4AD9BE2255400000EC174A /* Configuration.swift */ = {isa = PBXFileReference; lastKnownFileType = sourcecode.swift; path = Configuration.swift; sourceTree = "<group>"; };
		4C4AD9C02255811900EC174A /* CDSortRule.swift */ = {isa = PBXFileReference; lastKnownFileType = sourcecode.swift; path = CDSortRule.swift; sourceTree = "<group>"; };
		4C4AD9C2225584A600EC174A /* CDLimit.swift */ = {isa = PBXFileReference; lastKnownFileType = sourcecode.swift; path = CDLimit.swift; sourceTree = "<group>"; };
		4C4AD9F1225593B600EC174A /* TableTests.swift */ = {isa = PBXFileReference; fileEncoding = 4; lastKnownFileType = sourcecode.swift; path = TableTests.swift; sourceTree = "<group>"; };
		4C4AD9F2225593B600EC174A /* CodableDataTests.swift */ = {isa = PBXFileReference; fileEncoding = 4; lastKnownFileType = sourcecode.swift; path = CodableDataTests.swift; sourceTree = "<group>"; };
		4C4AD9F3225593B600EC174A /* Info.plist */ = {isa = PBXFileReference; fileEncoding = 4; lastKnownFileType = text.plist.xml; path = Info.plist; sourceTree = "<group>"; };
		4C8C9C5D22695F440064CBB4 /* CDBindable.swift */ = {isa = PBXFileReference; fileEncoding = 4; lastKnownFileType = sourcecode.swift; path = CDBindable.swift; sourceTree = "<group>"; };
		4C99701C22591B4300043C18 /* CDDatabase+Delete.swift */ = {isa = PBXFileReference; lastKnownFileType = sourcecode.swift; path = "CDDatabase+Delete.swift"; sourceTree = "<group>"; };
/* End PBXFileReference section */

/* Begin PBXFrameworksBuildPhase section */
		4C4AD9682250238000EC174A /* Frameworks */ = {
			isa = PBXFrameworksBuildPhase;
			buildActionMask = 2147483647;
			files = (
			);
			runOnlyForDeploymentPostprocessing = 0;
		};
		4C4AD9712250238000EC174A /* Frameworks */ = {
			isa = PBXFrameworksBuildPhase;
			buildActionMask = 2147483647;
			files = (
				4C4AD9752250238000EC174A /* CodableData.framework in Frameworks */,
			);
			runOnlyForDeploymentPostprocessing = 0;
		};
/* End PBXFrameworksBuildPhase section */

/* Begin PBXGroup section */
		4C4AD9612250238000EC174A = {
			isa = PBXGroup;
			children = (
				4C4AD96D2250238000EC174A /* CodableData */,
				4C4AD9F0225593B600EC174A /* CodableDataTests */,
				4C4AD96C2250238000EC174A /* Products */,
			);
			sourceTree = "<group>";
		};
		4C4AD96C2250238000EC174A /* Products */ = {
			isa = PBXGroup;
			children = (
				4C4AD96B2250238000EC174A /* CodableData.framework */,
				4C4AD9742250238000EC174A /* CodableDataTests.xctest */,
			);
			name = Products;
			sourceTree = "<group>";
		};
		4C4AD96D2250238000EC174A /* CodableData */ = {
			isa = PBXGroup;
			children = (
				4C4AD9A822540B0F00EC174A /* MyPlayground.playground */,
				4C4AD9BB2255357D00EC174A /* Constants */,
				4C4AD9AB2254851F00EC174A /* CDModel.swift */,
				4C8C9C5D22695F440064CBB4 /* CDBindable.swift */,
				4C4AD998225129D100EC174A /* Unbindable.swift */,
				4C4AD9BA2255355000EC174A /* Database */,
				4C4AD99A2251380500EC174A /* Reader.swift */,
				4C4AD9A922540ED300EC174A /* Writer.swift */,
				4C4AD99222505AFB00EC174A /* ColumnType.swift */,
				4C4AD99422505B5500EC174A /* Table.swift */,
				4C4AD9872250292D00EC174A /* Statement.swift */,
				4C4AD9B92255354000EC174A /* Filter */,
				4C4AD96E2250238000EC174A /* CodableData.h */,
				4C4AD96F2250238000EC174A /* Info.plist */,
			);
			path = CodableData;
			sourceTree = "<group>";
		};
		4C4AD9B92255354000EC174A /* Filter */ = {
			isa = PBXGroup;
			children = (
				4C4AD9A62253F0B400EC174A /* Filterable.swift */,
				4C4AD9A42253E0AA00EC174A /* CDFilter.swift */,
				4C4AD9C2225584A600EC174A /* CDLimit.swift */,
				4C4AD9C02255811900EC174A /* CDSortRule.swift */,
				4C4AD9B122550F8F00EC174A /* CDComparison.swift */,
				4C4AD9AF22550BBF00EC174A /* CDEquality.swift */,
				4C4AD9B32255114000EC174A /* StringComparison.swift */,
			);
			path = Filter;
			sourceTree = "<group>";
		};
		4C4AD9BA2255355000EC174A /* Database */ = {
			isa = PBXGroup;
			children = (
				4C4AD9BE2255400000EC174A /* Configuration.swift */,
				4C4AD98A22502CA100EC174A /* Connection.swift */,
				4C4AD98E2250445600EC174A /* CDDatabase.swift */,
				4C4AD9B52255291700EC174A /* CDDatabase+Count.swift */,
				4C4AD99E22516E9A00EC174A /* CDDatabase+Get.swift */,
				4C4AD9A0225170DE00EC174A /* CDDatabase+Replace.swift */,
				4C4AD9A22251718000EC174A /* CDDatabase+Table.swift */,
				4C4AD9BC2255386600EC174A /* CDDatabase+Column.swift */,
				4C99701C22591B4300043C18 /* CDDatabase+Delete.swift */,
			);
			path = Database;
			sourceTree = "<group>";
		};
		4C4AD9BB2255357D00EC174A /* Constants */ = {
			isa = PBXGroup;
			children = (
				4C4AD98C22503E8B00EC174A /* Status.swift */,
			);
			path = Constants;
			sourceTree = "<group>";
		};
		4C4AD9F0225593B600EC174A /* CodableDataTests */ = {
			isa = PBXGroup;
			children = (
				4C4AD9F2225593B600EC174A /* CodableDataTests.swift */,
				4C4AD9F1225593B600EC174A /* TableTests.swift */,
				4C4AD9F3225593B600EC174A /* Info.plist */,
			);
			path = CodableDataTests;
			sourceTree = "<group>";
		};
/* End PBXGroup section */

/* Begin PBXHeadersBuildPhase section */
		4C4AD9662250238000EC174A /* Headers */ = {
			isa = PBXHeadersBuildPhase;
			buildActionMask = 2147483647;
			files = (
				4C4AD97C2250238000EC174A /* CodableData.h in Headers */,
			);
			runOnlyForDeploymentPostprocessing = 0;
		};
/* End PBXHeadersBuildPhase section */

/* Begin PBXNativeTarget section */
		4C4AD96A2250238000EC174A /* CodableData */ = {
			isa = PBXNativeTarget;
			buildConfigurationList = 4C4AD97F2250238000EC174A /* Build configuration list for PBXNativeTarget "CodableData" */;
			buildPhases = (
				4C4AD9662250238000EC174A /* Headers */,
				4C4AD9672250238000EC174A /* Sources */,
				4C4AD9682250238000EC174A /* Frameworks */,
				4C4AD9692250238000EC174A /* Resources */,
			);
			buildRules = (
			);
			dependencies = (
			);
			name = CodableData;
			productName = SQL;
			productReference = 4C4AD96B2250238000EC174A /* CodableData.framework */;
			productType = "com.apple.product-type.framework";
		};
		4C4AD9732250238000EC174A /* CodableDataTests */ = {
			isa = PBXNativeTarget;
			buildConfigurationList = 4C4AD9822250238000EC174A /* Build configuration list for PBXNativeTarget "CodableDataTests" */;
			buildPhases = (
				4C4AD9702250238000EC174A /* Sources */,
				4C4AD9712250238000EC174A /* Frameworks */,
				4C4AD9722250238000EC174A /* Resources */,
			);
			buildRules = (
			);
			dependencies = (
				4C4AD9772250238000EC174A /* PBXTargetDependency */,
			);
			name = CodableDataTests;
			productName = SQLTests;
			productReference = 4C4AD9742250238000EC174A /* CodableDataTests.xctest */;
			productType = "com.apple.product-type.bundle.unit-test";
		};
/* End PBXNativeTarget section */

/* Begin PBXProject section */
		4C4AD9622250238000EC174A /* Project object */ = {
			isa = PBXProject;
			attributes = {
				LastSwiftUpdateCheck = 1020;
				LastUpgradeCheck = 1020;
				ORGANIZATIONNAME = "Duct Ape Productions";
				TargetAttributes = {
					4C4AD96A2250238000EC174A = {
						CreatedOnToolsVersion = 10.2;
						LastSwiftMigration = 1020;
					};
					4C4AD9732250238000EC174A = {
						CreatedOnToolsVersion = 10.2;
					};
				};
			};
			buildConfigurationList = 4C4AD9652250238000EC174A /* Build configuration list for PBXProject "CodableData" */;
			compatibilityVersion = "Xcode 9.3";
			developmentRegion = en;
			hasScannedForEncodings = 0;
			knownRegions = (
				en,
			);
			mainGroup = 4C4AD9612250238000EC174A;
			productRefGroup = 4C4AD96C2250238000EC174A /* Products */;
			projectDirPath = "";
			projectRoot = "";
			targets = (
				4C4AD96A2250238000EC174A /* CodableData */,
				4C4AD9732250238000EC174A /* CodableDataTests */,
			);
		};
/* End PBXProject section */

/* Begin PBXResourcesBuildPhase section */
		4C4AD9692250238000EC174A /* Resources */ = {
			isa = PBXResourcesBuildPhase;
			buildActionMask = 2147483647;
			files = (
			);
			runOnlyForDeploymentPostprocessing = 0;
		};
		4C4AD9722250238000EC174A /* Resources */ = {
			isa = PBXResourcesBuildPhase;
			buildActionMask = 2147483647;
			files = (
			);
			runOnlyForDeploymentPostprocessing = 0;
		};
/* End PBXResourcesBuildPhase section */

/* Begin PBXSourcesBuildPhase section */
		4C4AD9672250238000EC174A /* Sources */ = {
			isa = PBXSourcesBuildPhase;
			buildActionMask = 2147483647;
			files = (
				4C4AD9A72253F0B400EC174A /* Filterable.swift in Sources */,
				4C4AD9A52253E0AA00EC174A /* CDFilter.swift in Sources */,
				4C4AD98B22502CA100EC174A /* Connection.swift in Sources */,
				4C4AD9882250292D00EC174A /* Statement.swift in Sources */,
				4C4AD9B222550F8F00EC174A /* CDComparison.swift in Sources */,
				4C4AD99B2251380500EC174A /* Reader.swift in Sources */,
				4C4AD9A32251718000EC174A /* CDDatabase+Table.swift in Sources */,
				4C8C9C5E22695F440064CBB4 /* CDBindable.swift in Sources */,
				4C99701D22591B4300043C18 /* CDDatabase+Delete.swift in Sources */,
				4C4AD98F2250445600EC174A /* CDDatabase.swift in Sources */,
				4C4AD99F22516E9A00EC174A /* CDDatabase+Get.swift in Sources */,
				4C4AD9BF2255400000EC174A /* Configuration.swift in Sources */,
				4C4AD9B022550BBF00EC174A /* CDEquality.swift in Sources */,
				4C4AD9B42255114000EC174A /* StringComparison.swift in Sources */,
				4C4AD9C3225584A600EC174A /* CDLimit.swift in Sources */,
				4C4AD9AC2254851F00EC174A /* CDModel.swift in Sources */,
				4C4AD9C12255811900EC174A /* CDSortRule.swift in Sources */,
				4C4AD99322505AFB00EC174A /* ColumnType.swift in Sources */,
				4C4AD999225129D100EC174A /* Unbindable.swift in Sources */,
				4C4AD9BD2255386600EC174A /* CDDatabase+Column.swift in Sources */,
				4C4AD9AA22540ED300EC174A /* Writer.swift in Sources */,
				4C4AD9A1225170DE00EC174A /* CDDatabase+Replace.swift in Sources */,
				4C4AD9B62255291700EC174A /* CDDatabase+Count.swift in Sources */,
				4C4AD99522505B5500EC174A /* Table.swift in Sources */,
				4C4AD98D22503E8B00EC174A /* Status.swift in Sources */,
			);
			runOnlyForDeploymentPostprocessing = 0;
		};
		4C4AD9702250238000EC174A /* Sources */ = {
			isa = PBXSourcesBuildPhase;
			buildActionMask = 2147483647;
			files = (
				4C22AE96225662FF00019BF1 /* TableTests.swift in Sources */,
				4C22AE95225662FF00019BF1 /* CodableDataTests.swift in Sources */,
			);
			runOnlyForDeploymentPostprocessing = 0;
		};
/* End PBXSourcesBuildPhase section */

/* Begin PBXTargetDependency section */
		4C4AD9772250238000EC174A /* PBXTargetDependency */ = {
			isa = PBXTargetDependency;
			target = 4C4AD96A2250238000EC174A /* CodableData */;
			targetProxy = 4C4AD9762250238000EC174A /* PBXContainerItemProxy */;
		};
/* End PBXTargetDependency section */

/* Begin XCBuildConfiguration section */
		4C4AD97D2250238000EC174A /* Debug */ = {
			isa = XCBuildConfiguration;
			buildSettings = {
				ALWAYS_SEARCH_USER_PATHS = NO;
				CLANG_ANALYZER_NONNULL = YES;
				CLANG_ANALYZER_NUMBER_OBJECT_CONVERSION = YES_AGGRESSIVE;
				CLANG_CXX_LANGUAGE_STANDARD = "gnu++14";
				CLANG_CXX_LIBRARY = "libc++";
				CLANG_ENABLE_MODULES = YES;
				CLANG_ENABLE_OBJC_ARC = YES;
				CLANG_ENABLE_OBJC_WEAK = YES;
				CLANG_WARN_BLOCK_CAPTURE_AUTORELEASING = YES;
				CLANG_WARN_BOOL_CONVERSION = YES;
				CLANG_WARN_COMMA = YES;
				CLANG_WARN_CONSTANT_CONVERSION = YES;
				CLANG_WARN_DEPRECATED_OBJC_IMPLEMENTATIONS = YES;
				CLANG_WARN_DIRECT_OBJC_ISA_USAGE = YES_ERROR;
				CLANG_WARN_DOCUMENTATION_COMMENTS = YES;
				CLANG_WARN_EMPTY_BODY = YES;
				CLANG_WARN_ENUM_CONVERSION = YES;
				CLANG_WARN_INFINITE_RECURSION = YES;
				CLANG_WARN_INT_CONVERSION = YES;
				CLANG_WARN_NON_LITERAL_NULL_CONVERSION = YES;
				CLANG_WARN_OBJC_IMPLICIT_RETAIN_SELF = YES;
				CLANG_WARN_OBJC_LITERAL_CONVERSION = YES;
				CLANG_WARN_OBJC_ROOT_CLASS = YES_ERROR;
				CLANG_WARN_RANGE_LOOP_ANALYSIS = YES;
				CLANG_WARN_STRICT_PROTOTYPES = YES;
				CLANG_WARN_SUSPICIOUS_MOVE = YES;
				CLANG_WARN_UNGUARDED_AVAILABILITY = YES_AGGRESSIVE;
				CLANG_WARN_UNREACHABLE_CODE = YES;
				CLANG_WARN__DUPLICATE_METHOD_MATCH = YES;
				CODE_SIGN_IDENTITY = "iPhone Developer";
				COPY_PHASE_STRIP = NO;
				CURRENT_PROJECT_VERSION = 1;
				DEBUG_INFORMATION_FORMAT = dwarf;
				ENABLE_STRICT_OBJC_MSGSEND = YES;
				ENABLE_TESTABILITY = YES;
				GCC_C_LANGUAGE_STANDARD = gnu11;
				GCC_DYNAMIC_NO_PIC = NO;
				GCC_NO_COMMON_BLOCKS = YES;
				GCC_OPTIMIZATION_LEVEL = 0;
				GCC_PREPROCESSOR_DEFINITIONS = (
					"DEBUG=1",
					"$(inherited)",
				);
				GCC_WARN_64_TO_32_BIT_CONVERSION = YES;
				GCC_WARN_ABOUT_RETURN_TYPE = YES_ERROR;
				GCC_WARN_UNDECLARED_SELECTOR = YES;
				GCC_WARN_UNINITIALIZED_AUTOS = YES_AGGRESSIVE;
				GCC_WARN_UNUSED_FUNCTION = YES;
				GCC_WARN_UNUSED_VARIABLE = YES;
				IPHONEOS_DEPLOYMENT_TARGET = 8.0;
				MTL_ENABLE_DEBUG_INFO = INCLUDE_SOURCE;
				MTL_FAST_MATH = YES;
				ONLY_ACTIVE_ARCH = YES;
				SDKROOT = iphoneos;
				SWIFT_ACTIVE_COMPILATION_CONDITIONS = DEBUG;
				SWIFT_OPTIMIZATION_LEVEL = "-Onone";
				VERSIONING_SYSTEM = "apple-generic";
				VERSION_INFO_PREFIX = "";
			};
			name = Debug;
		};
		4C4AD97E2250238000EC174A /* Release */ = {
			isa = XCBuildConfiguration;
			buildSettings = {
				ALWAYS_SEARCH_USER_PATHS = NO;
				CLANG_ANALYZER_NONNULL = YES;
				CLANG_ANALYZER_NUMBER_OBJECT_CONVERSION = YES_AGGRESSIVE;
				CLANG_CXX_LANGUAGE_STANDARD = "gnu++14";
				CLANG_CXX_LIBRARY = "libc++";
				CLANG_ENABLE_MODULES = YES;
				CLANG_ENABLE_OBJC_ARC = YES;
				CLANG_ENABLE_OBJC_WEAK = YES;
				CLANG_WARN_BLOCK_CAPTURE_AUTORELEASING = YES;
				CLANG_WARN_BOOL_CONVERSION = YES;
				CLANG_WARN_COMMA = YES;
				CLANG_WARN_CONSTANT_CONVERSION = YES;
				CLANG_WARN_DEPRECATED_OBJC_IMPLEMENTATIONS = YES;
				CLANG_WARN_DIRECT_OBJC_ISA_USAGE = YES_ERROR;
				CLANG_WARN_DOCUMENTATION_COMMENTS = YES;
				CLANG_WARN_EMPTY_BODY = YES;
				CLANG_WARN_ENUM_CONVERSION = YES;
				CLANG_WARN_INFINITE_RECURSION = YES;
				CLANG_WARN_INT_CONVERSION = YES;
				CLANG_WARN_NON_LITERAL_NULL_CONVERSION = YES;
				CLANG_WARN_OBJC_IMPLICIT_RETAIN_SELF = YES;
				CLANG_WARN_OBJC_LITERAL_CONVERSION = YES;
				CLANG_WARN_OBJC_ROOT_CLASS = YES_ERROR;
				CLANG_WARN_RANGE_LOOP_ANALYSIS = YES;
				CLANG_WARN_STRICT_PROTOTYPES = YES;
				CLANG_WARN_SUSPICIOUS_MOVE = YES;
				CLANG_WARN_UNGUARDED_AVAILABILITY = YES_AGGRESSIVE;
				CLANG_WARN_UNREACHABLE_CODE = YES;
				CLANG_WARN__DUPLICATE_METHOD_MATCH = YES;
				CODE_SIGN_IDENTITY = "iPhone Developer";
				COPY_PHASE_STRIP = NO;
				CURRENT_PROJECT_VERSION = 1;
				DEBUG_INFORMATION_FORMAT = "dwarf-with-dsym";
				ENABLE_NS_ASSERTIONS = NO;
				ENABLE_STRICT_OBJC_MSGSEND = YES;
				GCC_C_LANGUAGE_STANDARD = gnu11;
				GCC_NO_COMMON_BLOCKS = YES;
				GCC_WARN_64_TO_32_BIT_CONVERSION = YES;
				GCC_WARN_ABOUT_RETURN_TYPE = YES_ERROR;
				GCC_WARN_UNDECLARED_SELECTOR = YES;
				GCC_WARN_UNINITIALIZED_AUTOS = YES_AGGRESSIVE;
				GCC_WARN_UNUSED_FUNCTION = YES;
				GCC_WARN_UNUSED_VARIABLE = YES;
				IPHONEOS_DEPLOYMENT_TARGET = 8.0;
				MTL_ENABLE_DEBUG_INFO = NO;
				MTL_FAST_MATH = YES;
				SDKROOT = iphoneos;
				SWIFT_COMPILATION_MODE = wholemodule;
				SWIFT_OPTIMIZATION_LEVEL = "-O";
				VALIDATE_PRODUCT = YES;
				VERSIONING_SYSTEM = "apple-generic";
				VERSION_INFO_PREFIX = "";
			};
			name = Release;
		};
		4C4AD9802250238000EC174A /* Debug */ = {
			isa = XCBuildConfiguration;
			buildSettings = {
				CLANG_ENABLE_MODULES = YES;
				CODE_SIGN_IDENTITY = "";
				CODE_SIGN_STYLE = Automatic;
				DEFINES_MODULE = YES;
				DEVELOPMENT_TEAM = GCX3L3HG6X;
				DYLIB_COMPATIBILITY_VERSION = 1;
				DYLIB_CURRENT_VERSION = 1;
				DYLIB_INSTALL_NAME_BASE = "@rpath";
				INFOPLIST_FILE = "$(SRCROOT)/CodableData/Info.plist";
				INSTALL_PATH = "$(LOCAL_LIBRARY_DIR)/Frameworks";
				LD_RUNPATH_SEARCH_PATHS = (
					"$(inherited)",
					"@executable_path/Frameworks",
					"@loader_path/Frameworks",
				);
				PRODUCT_BUNDLE_IDENTIFIER = "com.duct-ape.CodableData";
				PRODUCT_NAME = "$(TARGET_NAME:c99extidentifier)";
				SKIP_INSTALL = YES;
				SWIFT_OPTIMIZATION_LEVEL = "-Onone";
				SWIFT_VERSION = 5.0;
				TARGETED_DEVICE_FAMILY = "1,2";
			};
			name = Debug;
		};
		4C4AD9812250238000EC174A /* Release */ = {
			isa = XCBuildConfiguration;
			buildSettings = {
				CLANG_ENABLE_MODULES = YES;
				CODE_SIGN_IDENTITY = "";
				CODE_SIGN_STYLE = Automatic;
				DEFINES_MODULE = YES;
				DEVELOPMENT_TEAM = GCX3L3HG6X;
				DYLIB_COMPATIBILITY_VERSION = 1;
				DYLIB_CURRENT_VERSION = 1;
				DYLIB_INSTALL_NAME_BASE = "@rpath";
				INFOPLIST_FILE = "$(SRCROOT)/CodableData/Info.plist";
				INSTALL_PATH = "$(LOCAL_LIBRARY_DIR)/Frameworks";
				LD_RUNPATH_SEARCH_PATHS = (
					"$(inherited)",
					"@executable_path/Frameworks",
					"@loader_path/Frameworks",
				);
				PRODUCT_BUNDLE_IDENTIFIER = "com.duct-ape.CodableData";
				PRODUCT_NAME = "$(TARGET_NAME:c99extidentifier)";
				SKIP_INSTALL = YES;
				SWIFT_VERSION = 5.0;
				TARGETED_DEVICE_FAMILY = "1,2";
			};
			name = Release;
		};
		4C4AD9832250238000EC174A /* Debug */ = {
			isa = XCBuildConfiguration;
			buildSettings = {
				ALWAYS_EMBED_SWIFT_STANDARD_LIBRARIES = YES;
				CODE_SIGN_STYLE = Automatic;
				DEVELOPMENT_TEAM = GCX3L3HG6X;
				INFOPLIST_FILE = CodableDataTests/Info.plist;
				LD_RUNPATH_SEARCH_PATHS = (
					"$(inherited)",
					"@executable_path/Frameworks",
					"@loader_path/Frameworks",
				);
				PRODUCT_BUNDLE_IDENTIFIER = "com.duct-ape.SQLTests";
				PRODUCT_NAME = "$(TARGET_NAME)";
				SWIFT_VERSION = 5.0;
				TARGETED_DEVICE_FAMILY = "1,2";
			};
			name = Debug;
		};
		4C4AD9842250238000EC174A /* Release */ = {
			isa = XCBuildConfiguration;
			buildSettings = {
				ALWAYS_EMBED_SWIFT_STANDARD_LIBRARIES = YES;
				CODE_SIGN_STYLE = Automatic;
				DEVELOPMENT_TEAM = GCX3L3HG6X;
				INFOPLIST_FILE = CodableDataTests/Info.plist;
				LD_RUNPATH_SEARCH_PATHS = (
					"$(inherited)",
					"@executable_path/Frameworks",
					"@loader_path/Frameworks",
				);
				PRODUCT_BUNDLE_IDENTIFIER = "com.duct-ape.SQLTests";
				PRODUCT_NAME = "$(TARGET_NAME)";
				SWIFT_VERSION = 5.0;
				TARGETED_DEVICE_FAMILY = "1,2";
			};
			name = Release;
		};
/* End XCBuildConfiguration section */

/* Begin XCConfigurationList section */
		4C4AD9652250238000EC174A /* Build configuration list for PBXProject "CodableData" */ = {
			isa = XCConfigurationList;
			buildConfigurations = (
				4C4AD97D2250238000EC174A /* Debug */,
				4C4AD97E2250238000EC174A /* Release */,
			);
			defaultConfigurationIsVisible = 0;
			defaultConfigurationName = Release;
		};
		4C4AD97F2250238000EC174A /* Build configuration list for PBXNativeTarget "CodableData" */ = {
			isa = XCConfigurationList;
			buildConfigurations = (
				4C4AD9802250238000EC174A /* Debug */,
				4C4AD9812250238000EC174A /* Release */,
			);
			defaultConfigurationIsVisible = 0;
			defaultConfigurationName = Release;
		};
		4C4AD9822250238000EC174A /* Build configuration list for PBXNativeTarget "CodableDataTests" */ = {
			isa = XCConfigurationList;
			buildConfigurations = (
				4C4AD9832250238000EC174A /* Debug */,
				4C4AD9842250238000EC174A /* Release */,
			);
			defaultConfigurationIsVisible = 0;
			defaultConfigurationName = Release;
		};
/* End XCConfigurationList section */
	};
	rootObject = 4C4AD9622250238000EC174A /* Project object */;
}
